
Microsoft Visual Studio Solution File, Format Version 12.00
# Visual Studio 15
VisualStudioVersion = 15.0.28010.2046
MinimumVisualStudioVersion = 10.0.40219.1
Project("{FAE04EC0-301F-11D3-BF4B-00C04F79EFBC}") = "Entities", "Entities\Entities.csproj", "{3AA94D11-4B3A-49B7-ABD4-1A5F5453B247}"
EndProject
Project("{FAE04EC0-301F-11D3-BF4B-00C04F79EFBC}") = "WinFormsApp", "Views\WinFormsApp.csproj", "{27B8E883-97B3-472B-BECE-422E25DE2DBB}"
EndProject
Project("{FAE04EC0-301F-11D3-BF4B-00C04F79EFBC}") = "Services", "Services\Services.csproj", "{75D6FC96-18D4-49CD-8E58-21AA437A29A5}"
EndProject
Project("{FAE04EC0-301F-11D3-BF4B-00C04F79EFBC}") = "Repositories", "Repositories\Repositories.csproj", "{08613C3B-3484-42E4-94E4-AA4C92673FA6}"
EndProject
Project("{FAE04EC0-301F-11D3-BF4B-00C04F79EFBC}") = "Presenters", "Presenters\Presenters.csproj", "{FFE993BF-D976-479A-995D-28AD54FB848F}"
EndProject
Global
	GlobalSection(SolutionConfigurationPlatforms) = preSolution
		Debug|Any CPU = Debug|Any CPU
		Release|Any CPU = Release|Any CPU
	EndGlobalSection
	GlobalSection(ProjectConfigurationPlatforms) = postSolution
		{3AA94D11-4B3A-49B7-ABD4-1A5F5453B247}.Debug|Any CPU.ActiveCfg = Debug|Any CPU
		{3AA94D11-4B3A-49B7-ABD4-1A5F5453B247}.Debug|Any CPU.Build.0 = Debug|Any CPU
		{3AA94D11-4B3A-49B7-ABD4-1A5F5453B247}.Release|Any CPU.ActiveCfg = Release|Any CPU
		{3AA94D11-4B3A-49B7-ABD4-1A5F5453B247}.Release|Any CPU.Build.0 = Release|Any CPU
		{27B8E883-97B3-472B-BECE-422E25DE2DBB}.Debug|Any CPU.ActiveCfg = Debug|Any CPU
		{27B8E883-97B3-472B-BECE-422E25DE2DBB}.Debug|Any CPU.Build.0 = Debug|Any CPU
		{27B8E883-97B3-472B-BECE-422E25DE2DBB}.Release|Any CPU.ActiveCfg = Release|Any CPU
		{27B8E883-97B3-472B-BECE-422E25DE2DBB}.Release|Any CPU.Build.0 = Release|Any CPU
		{75D6FC96-18D4-49CD-8E58-21AA437A29A5}.Debug|Any CPU.ActiveCfg = Debug|Any CPU
		{75D6FC96-18D4-49CD-8E58-21AA437A29A5}.Debug|Any CPU.Build.0 = Debug|Any CPU
		{75D6FC96-18D4-49CD-8E58-21AA437A29A5}.Release|Any CPU.ActiveCfg = Release|Any CPU
		{75D6FC96-18D4-49CD-8E58-21AA437A29A5}.Release|Any CPU.Build.0 = Release|Any CPU
		{08613C3B-3484-42E4-94E4-AA4C92673FA6}.Debug|Any CPU.ActiveCfg = Debug|Any CPU
		{08613C3B-3484-42E4-94E4-AA4C92673FA6}.Debug|Any CPU.Build.0 = Debug|Any CPU
		{08613C3B-3484-42E4-94E4-AA4C92673FA6}.Release|Any CPU.ActiveCfg = Release|Any CPU
		{08613C3B-3484-42E4-94E4-AA4C92673FA6}.Release|Any CPU.Build.0 = Release|Any CPU
		{FFE993BF-D976-479A-995D-28AD54FB848F}.Debug|Any CPU.ActiveCfg = Debug|Any CPU
		{FFE993BF-D976-479A-995D-28AD54FB848F}.Debug|Any CPU.Build.0 = Debug|Any CPU
		{FFE993BF-D976-479A-995D-28AD54FB848F}.Release|Any CPU.ActiveCfg = Release|Any CPU
		{FFE993BF-D976-479A-995D-28AD54FB848F}.Release|Any CPU.Build.0 = Release|Any CPU
	EndGlobalSection
	GlobalSection(SolutionProperties) = preSolution
		HideSolutionNode = FALSE
	EndGlobalSection
	GlobalSection(ExtensibilityGlobals) = postSolution
		SolutionGuid = {AE2E97B2-A473-4450-9841-BA674ED2EBC4}
	EndGlobalSection
EndGlobal
